// !$*UTF8*$!
{
	archiveVersion = 1;
	classes = {
	};
	objectVersion = 50;
	objects = {

/* Begin PBXBuildFile section */
		CCD4E26A25C527A4009A8EBE /* RollDiceApp.swift in Sources */ = {isa = PBXBuildFile; fileRef = CCD4E26925C527A4009A8EBE /* RollDiceApp.swift */; };
		CCD4E26C25C527A4009A8EBE /* ContentView.swift in Sources */ = {isa = PBXBuildFile; fileRef = CCD4E26B25C527A4009A8EBE /* ContentView.swift */; };
		CCD4E27125C527A9009A8EBE /* Preview Assets.xcassets in Resources */ = {isa = PBXBuildFile; fileRef = CCD4E27025C527A9009A8EBE /* Preview Assets.xcassets */; };
		CCD4E27325C527A9009A8EBE /* Persistence.swift in Sources */ = {isa = PBXBuildFile; fileRef = CCD4E27225C527A9009A8EBE /* Persistence.swift */; };
		CCD4E27625C527A9009A8EBE /* RollDice.xcdatamodeld in Sources */ = {isa = PBXBuildFile; fileRef = CCD4E27425C527A9009A8EBE /* RollDice.xcdatamodeld */; };
		CCD4E27F25C528C1009A8EBE /* RollDiceView.swift in Sources */ = {isa = PBXBuildFile; fileRef = CCD4E27E25C528C1009A8EBE /* RollDiceView.swift */; };
		CCD4E28225C528EF009A8EBE /* DetailsView.swift in Sources */ = {isa = PBXBuildFile; fileRef = CCD4E28125C528EF009A8EBE /* DetailsView.swift */; };
		CCD4E28B25C53A4C009A8EBE /* Assets.xcassets in Resources */ = {isa = PBXBuildFile; fileRef = CCD4E28A25C53A4C009A8EBE /* Assets.xcassets */; };
		CCD4E28E25C53ECA009A8EBE /* SettingsView.swift in Sources */ = {isa = PBXBuildFile; fileRef = CCD4E28D25C53ECA009A8EBE /* SettingsView.swift */; };
/* End PBXBuildFile section */

/* Begin PBXFileReference section */
		CCD4E26625C527A4009A8EBE /* RollDice.app */ = {isa = PBXFileReference; explicitFileType = wrapper.application; includeInIndex = 0; path = RollDice.app; sourceTree = BUILT_PRODUCTS_DIR; };
		CCD4E26925C527A4009A8EBE /* RollDiceApp.swift */ = {isa = PBXFileReference; lastKnownFileType = sourcecode.swift; path = RollDiceApp.swift; sourceTree = "<group>"; };
		CCD4E26B25C527A4009A8EBE /* ContentView.swift */ = {isa = PBXFileReference; lastKnownFileType = sourcecode.swift; path = ContentView.swift; sourceTree = "<group>"; };
		CCD4E27025C527A9009A8EBE /* Preview Assets.xcassets */ = {isa = PBXFileReference; lastKnownFileType = folder.assetcatalog; path = "Preview Assets.xcassets"; sourceTree = "<group>"; };
		CCD4E27225C527A9009A8EBE /* Persistence.swift */ = {isa = PBXFileReference; lastKnownFileType = sourcecode.swift; path = Persistence.swift; sourceTree = "<group>"; };
		CCD4E27525C527A9009A8EBE /* RollDice.xcdatamodel */ = {isa = PBXFileReference; lastKnownFileType = wrapper.xcdatamodel; path = RollDice.xcdatamodel; sourceTree = "<group>"; };
		CCD4E27725C527A9009A8EBE /* Info.plist */ = {isa = PBXFileReference; lastKnownFileType = text.plist.xml; path = Info.plist; sourceTree = "<group>"; };
		CCD4E27E25C528C1009A8EBE /* RollDiceView.swift */ = {isa = PBXFileReference; lastKnownFileType = sourcecode.swift; path = RollDiceView.swift; sourceTree = "<group>"; };
		CCD4E28125C528EF009A8EBE /* DetailsView.swift */ = {isa = PBXFileReference; lastKnownFileType = sourcecode.swift; path = DetailsView.swift; sourceTree = "<group>"; };
		CCD4E28A25C53A4C009A8EBE /* Assets.xcassets */ = {isa = PBXFileReference; lastKnownFileType = folder.assetcatalog; path = Assets.xcassets; sourceTree = "<group>"; };
		CCD4E28D25C53ECA009A8EBE /* SettingsView.swift */ = {isa = PBXFileReference; lastKnownFileType = sourcecode.swift; path = SettingsView.swift; sourceTree = "<group>"; };
/* End PBXFileReference section */

/* Begin PBXFrameworksBuildPhase section */
		CCD4E26325C527A4009A8EBE /* Frameworks */ = {
			isa = PBXFrameworksBuildPhase;
			buildActionMask = 2147483647;
			files = (
			);
			runOnlyForDeploymentPostprocessing = 0;
		};
/* End PBXFrameworksBuildPhase section */

/* Begin PBXGroup section */
		CCD4E25D25C527A4009A8EBE = {
			isa = PBXGroup;
			children = (
				CCD4E26825C527A4009A8EBE /* RollDice */,
				CCD4E26725C527A4009A8EBE /* Products */,
			);
			sourceTree = "<group>";
		};
		CCD4E26725C527A4009A8EBE /* Products */ = {
			isa = PBXGroup;
			children = (
				CCD4E26625C527A4009A8EBE /* RollDice.app */,
			);
			name = Products;
			sourceTree = "<group>";
		};
		CCD4E26825C527A4009A8EBE /* RollDice */ = {
			isa = PBXGroup;
			children = (
				CCD4E26925C527A4009A8EBE /* RollDiceApp.swift */,
				CCD4E26B25C527A4009A8EBE /* ContentView.swift */,
				CCD4E27E25C528C1009A8EBE /* RollDiceView.swift */,
				CCD4E28D25C53ECA009A8EBE /* SettingsView.swift */,
				CCD4E28A25C53A4C009A8EBE /* Assets.xcassets */,
				CCD4E28125C528EF009A8EBE /* DetailsView.swift */,
				CCD4E27225C527A9009A8EBE /* Persistence.swift */,
				CCD4E27725C527A9009A8EBE /* Info.plist */,
				CCD4E27425C527A9009A8EBE /* RollDice.xcdatamodeld */,
				CCD4E26F25C527A9009A8EBE /* Preview Content */,
			);
			path = RollDice;
			sourceTree = "<group>";
		};
		CCD4E26F25C527A9009A8EBE /* Preview Content */ = {
			isa = PBXGroup;
			children = (
				CCD4E27025C527A9009A8EBE /* Preview Assets.xcassets */,
			);
			path = "Preview Content";
			sourceTree = "<group>";
		};
/* End PBXGroup section */

/* Begin PBXNativeTarget section */
		CCD4E26525C527A4009A8EBE /* RollDice */ = {
			isa = PBXNativeTarget;
			buildConfigurationList = CCD4E27A25C527A9009A8EBE /* Build configuration list for PBXNativeTarget "RollDice" */;
			buildPhases = (
				CCD4E26225C527A4009A8EBE /* Sources */,
				CCD4E26325C527A4009A8EBE /* Frameworks */,
				CCD4E26425C527A4009A8EBE /* Resources */,
			);
			buildRules = (
			);
			dependencies = (
			);
			name = RollDice;
			productName = RollDice;
			productReference = CCD4E26625C527A4009A8EBE /* RollDice.app */;
			productType = "com.apple.product-type.application";
		};
/* End PBXNativeTarget section */

/* Begin PBXProject section */
		CCD4E25E25C527A4009A8EBE /* Project object */ = {
			isa = PBXProject;
			attributes = {
				LastSwiftUpdateCheck = 1230;
				LastUpgradeCheck = 1230;
				TargetAttributes = {
					CCD4E26525C527A4009A8EBE = {
						CreatedOnToolsVersion = 12.3;
					};
				};
			};
			buildConfigurationList = CCD4E26125C527A4009A8EBE /* Build configuration list for PBXProject "RollDice" */;
			compatibilityVersion = "Xcode 9.3";
			developmentRegion = en;
			hasScannedForEncodings = 0;
			knownRegions = (
				en,
				Base,
			);
			mainGroup = CCD4E25D25C527A4009A8EBE;
			productRefGroup = CCD4E26725C527A4009A8EBE /* Products */;
			projectDirPath = "";
			projectRoot = "";
			targets = (
				CCD4E26525C527A4009A8EBE /* RollDice */,
			);
		};
/* End PBXProject section */

/* Begin PBXResourcesBuildPhase section */
		CCD4E26425C527A4009A8EBE /* Resources */ = {
			isa = PBXResourcesBuildPhase;
			buildActionMask = 2147483647;
			files = (
				CCD4E28B25C53A4C009A8EBE /* Assets.xcassets in Resources */,
				CCD4E27125C527A9009A8EBE /* Preview Assets.xcassets in Resources */,
			);
			runOnlyForDeploymentPostprocessing = 0;
		};
/* End PBXResourcesBuildPhase section */

/* Begin PBXSourcesBuildPhase section */
		CCD4E26225C527A4009A8EBE /* Sources */ = {
			isa = PBXSourcesBuildPhase;
			buildActionMask = 2147483647;
			files = (
				CCD4E28E25C53ECA009A8EBE /* SettingsView.swift in Sources */,
				CCD4E27325C527A9009A8EBE /* Persistence.swift in Sources */,
				CCD4E26C25C527A4009A8EBE /* ContentView.swift in Sources */,
				CCD4E26A25C527A4009A8EBE /* RollDiceApp.swift in Sources */,
				CCD4E27F25C528C1009A8EBE /* RollDiceView.swift in Sources */,
				CCD4E27625C527A9009A8EBE /* RollDice.xcdatamodeld in Sources */,
				CCD4E28225C528EF009A8EBE /* DetailsView.swift in Sources */,
			);
			runOnlyForDeploymentPostprocessing = 0;
		};
/* End PBXSourcesBuildPhase section */

/* Begin XCBuildConfiguration section */
		CCD4E27825C527A9009A8EBE /* Debug */ = {
			isa = XCBuildConfiguration;
			buildSettings = {
				ALWAYS_SEARCH_USER_PATHS = NO;
				CLANG_ANALYZER_NONNULL = YES;
				CLANG_ANALYZER_NUMBER_OBJECT_CONVERSION = YES_AGGRESSIVE;
				CLANG_CXX_LANGUAGE_STANDARD = "gnu++14";
				CLANG_CXX_LIBRARY = "libc++";
				CLANG_ENABLE_MODULES = YES;
				CLANG_ENABLE_OBJC_ARC = YES;
				CLANG_ENABLE_OBJC_WEAK = YES;
				CLANG_WARN_BLOCK_CAPTURE_AUTORELEASING = YES;
				CLANG_WARN_BOOL_CONVERSION = YES;
				CLANG_WARN_COMMA = YES;
				CLANG_WARN_CONSTANT_CONVERSION = YES;
				CLANG_WARN_DEPRECATED_OBJC_IMPLEMENTATIONS = YES;
				CLANG_WARN_DIRECT_OBJC_ISA_USAGE = YES_ERROR;
				CLANG_WARN_DOCUMENTATION_COMMENTS = YES;
				CLANG_WARN_EMPTY_BODY = YES;
				CLANG_WARN_ENUM_CONVERSION = YES;
				CLANG_WARN_INFINITE_RECURSION = YES;
				CLANG_WARN_INT_CONVERSION = YES;
				CLANG_WARN_NON_LITERAL_NULL_CONVERSION = YES;
				CLANG_WARN_OBJC_IMPLICIT_RETAIN_SELF = YES;
				CLANG_WARN_OBJC_LITERAL_CONVERSION = YES;
				CLANG_WARN_OBJC_ROOT_CLASS = YES_ERROR;
				CLANG_WARN_QUOTED_INCLUDE_IN_FRAMEWORK_HEADER = YES;
				CLANG_WARN_RANGE_LOOP_ANALYSIS = YES;
				CLANG_WARN_STRICT_PROTOTYPES = YES;
				CLANG_WARN_SUSPICIOUS_MOVE = YES;
				CLANG_WARN_UNGUARDED_AVAILABILITY = YES_AGGRESSIVE;
				CLANG_WARN_UNREACHABLE_CODE = YES;
				CLANG_WARN__DUPLICATE_METHOD_MATCH = YES;
				COPY_PHASE_STRIP = NO;
				DEBUG_INFORMATION_FORMAT = dwarf;
				ENABLE_STRICT_OBJC_MSGSEND = YES;
				ENABLE_TESTABILITY = YES;
				GCC_C_LANGUAGE_STANDARD = gnu11;
				GCC_DYNAMIC_NO_PIC = NO;
				GCC_NO_COMMON_BLOCKS = YES;
				GCC_OPTIMIZATION_LEVEL = 0;
				GCC_PREPROCESSOR_DEFINITIONS = (
					"DEBUG=1",
					"$(inherited)",
				);
				GCC_WARN_64_TO_32_BIT_CONVERSION = YES;
				GCC_WARN_ABOUT_RETURN_TYPE = YES_ERROR;
				GCC_WARN_UNDECLARED_SELECTOR = YES;
				GCC_WARN_UNINITIALIZED_AUTOS = YES_AGGRESSIVE;
				GCC_WARN_UNUSED_FUNCTION = YES;
				GCC_WARN_UNUSED_VARIABLE = YES;
				IPHONEOS_DEPLOYMENT_TARGET = 14.3;
				MTL_ENABLE_DEBUG_INFO = INCLUDE_SOURCE;
				MTL_FAST_MATH = YES;
				ONLY_ACTIVE_ARCH = YES;
				SDKROOT = iphoneos;
				SWIFT_ACTIVE_COMPILATION_CONDITIONS = DEBUG;
				SWIFT_OPTIMIZATION_LEVEL = "-Onone";
			};
			name = Debug;
		};
		CCD4E27925C527A9009A8EBE /* Release */ = {
			isa = XCBuildConfiguration;
			buildSettings = {
				ALWAYS_SEARCH_USER_PATHS = NO;
				CLANG_ANALYZER_NONNULL = YES;
				CLANG_ANALYZER_NUMBER_OBJECT_CONVERSION = YES_AGGRESSIVE;
				CLANG_CXX_LANGUAGE_STANDARD = "gnu++14";
				CLANG_CXX_LIBRARY = "libc++";
				CLANG_ENABLE_MODULES = YES;
				CLANG_ENABLE_OBJC_ARC = YES;
				CLANG_ENABLE_OBJC_WEAK = YES;
				CLANG_WARN_BLOCK_CAPTURE_AUTORELEASING = YES;
				CLANG_WARN_BOOL_CONVERSION = YES;
				CLANG_WARN_COMMA = YES;
				CLANG_WARN_CONSTANT_CONVERSION = YES;
				CLANG_WARN_DEPRECATED_OBJC_IMPLEMENTATIONS = YES;
				CLANG_WARN_DIRECT_OBJC_ISA_USAGE = YES_ERROR;
				CLANG_WARN_DOCUMENTATION_COMMENTS = YES;
				CLANG_WARN_EMPTY_BODY = YES;
				CLANG_WARN_ENUM_CONVERSION = YES;
				CLANG_WARN_INFINITE_RECURSION = YES;
				CLANG_WARN_INT_CONVERSION = YES;
				CLANG_WARN_NON_LITERAL_NULL_CONVERSION = YES;
				CLANG_WARN_OBJC_IMPLICIT_RETAIN_SELF = YES;
				CLANG_WARN_OBJC_LITERAL_CONVERSION = YES;
				CLANG_WARN_OBJC_ROOT_CLASS = YES_ERROR;
				CLANG_WARN_QUOTED_INCLUDE_IN_FRAMEWORK_HEADER = YES;
				CLANG_WARN_RANGE_LOOP_ANALYSIS = YES;
				CLANG_WARN_STRICT_PROTOTYPES = YES;
				CLANG_WARN_SUSPICIOUS_MOVE = YES;
				CLANG_WARN_UNGUARDED_AVAILABILITY = YES_AGGRESSIVE;
				CLANG_WARN_UNREACHABLE_CODE = YES;
				CLANG_WARN__DUPLICATE_METHOD_MATCH = YES;
				COPY_PHASE_STRIP = NO;
				DEBUG_INFORMATION_FORMAT = "dwarf-with-dsym";
				ENABLE_NS_ASSERTIONS = NO;
				ENABLE_STRICT_OBJC_MSGSEND = YES;
				GCC_C_LANGUAGE_STANDARD = gnu11;
				GCC_NO_COMMON_BLOCKS = YES;
				GCC_WARN_64_TO_32_BIT_CONVERSION = YES;
				GCC_WARN_ABOUT_RETURN_TYPE = YES_ERROR;
				GCC_WARN_UNDECLARED_SELECTOR = YES;
				GCC_WARN_UNINITIALIZED_AUTOS = YES_AGGRESSIVE;
				GCC_WARN_UNUSED_FUNCTION = YES;
				GCC_WARN_UNUSED_VARIABLE = YES;
				IPHONEOS_DEPLOYMENT_TARGET = 14.3;
				MTL_ENABLE_DEBUG_INFO = NO;
				MTL_FAST_MATH = YES;
				SDKROOT = iphoneos;
				SWIFT_COMPILATION_MODE = wholemodule;
				SWIFT_OPTIMIZATION_LEVEL = "-O";
				VALIDATE_PRODUCT = YES;
			};
			name = Release;
		};
		CCD4E27B25C527A9009A8EBE /* Debug */ = {
			isa = XCBuildConfiguration;
			buildSettings = {
				ASSETCATALOG_COMPILER_APPICON_NAME = AppIcon;
				ASSETCATALOG_COMPILER_GLOBAL_ACCENT_COLOR_NAME = AccentColor;
				CODE_SIGN_STYLE = Automatic;
				DEVELOPMENT_ASSET_PATHS = "\"RollDice/Preview Content\"";
				DEVELOPMENT_TEAM = 9UUKQ7GQJV;
				ENABLE_PREVIEWS = YES;
				INFOPLIST_FILE = RollDice/Info.plist;
				IPHONEOS_DEPLOYMENT_TARGET = 14.0;
				LD_RUNPATH_SEARCH_PATHS = (
					"$(inherited)",
					"@executable_path/Frameworks",
				);
				PRODUCT_BUNDLE_IDENTIFIER = com.sharvil.RollDice;
				PRODUCT_NAME = "$(TARGET_NAME)";
				SWIFT_VERSION = 5.0;
				TARGETED_DEVICE_FAMILY = "1,2";
			};
			name = Debug;
		};
		CCD4E27C25C527A9009A8EBE /* Release */ = {
			isa = XCBuildConfiguration;
			buildSettings = {
				ASSETCATALOG_COMPILER_APPICON_NAME = AppIcon;
				ASSETCATALOG_COMPILER_GLOBAL_ACCENT_COLOR_NAME = AccentColor;
				CODE_SIGN_STYLE = Automatic;
				DEVELOPMENT_ASSET_PATHS = "\"RollDice/Preview Content\"";
				DEVELOPMENT_TEAM = 9UUKQ7GQJV;
				ENABLE_PREVIEWS = YES;
				INFOPLIST_FILE = RollDice/Info.plist;
				IPHONEOS_DEPLOYMENT_TARGET = 14.0;
				LD_RUNPATH_SEARCH_PATHS = (
					"$(inherited)",
					"@executable_path/Frameworks",
				);
				PRODUCT_BUNDLE_IDENTIFIER = com.sharvil.RollDice;
				PRODUCT_NAME = "$(TARGET_NAME)";
				SWIFT_VERSION = 5.0;
				TARGETED_DEVICE_FAMILY = "1,2";
			};
			name = Release;
		};
/* End XCBuildConfiguration section */

/* Begin XCConfigurationList section */
		CCD4E26125C527A4009A8EBE /* Build configuration list for PBXProject "RollDice" */ = {
			isa = XCConfigurationList;
			buildConfigurations = (
				CCD4E27825C527A9009A8EBE /* Debug */,
				CCD4E27925C527A9009A8EBE /* Release */,
			);
			defaultConfigurationIsVisible = 0;
			defaultConfigurationName = Release;
		};
		CCD4E27A25C527A9009A8EBE /* Build configuration list for PBXNativeTarget "RollDice" */ = {
			isa = XCConfigurationList;
			buildConfigurations = (
				CCD4E27B25C527A9009A8EBE /* Debug */,
				CCD4E27C25C527A9009A8EBE /* Release */,
			);
			defaultConfigurationIsVisible = 0;
			defaultConfigurationName = Release;
		};
/* End XCConfigurationList section */

/* Begin XCVersionGroup section */
		CCD4E27425C527A9009A8EBE /* RollDice.xcdatamodeld */ = {
			isa = XCVersionGroup;
			children = (
				CCD4E27525C527A9009A8EBE /* RollDice.xcdatamodel */,
			);
			currentVersion = CCD4E27525C527A9009A8EBE /* RollDice.xcdatamodel */;
			path = RollDice.xcdatamodeld;
			sourceTree = "<group>";
			versionGroupType = wrapper.xcdatamodel;
		};
/* End XCVersionGroup section */
	};
	rootObject = CCD4E25E25C527A4009A8EBE /* Project object */;
}
