// !$*UTF8*$!
{
	archiveVersion = 1;
	classes = {
	};
	objectVersion = 50;
	objects = {

/* Begin PBXBuildFile section */
		CCD4E23325C29D60009A8EBE /* SnowSeekerApp.swift in Sources */ = {isa = PBXBuildFile; fileRef = CCD4E23225C29D60009A8EBE /* SnowSeekerApp.swift */; };
		CCD4E23525C29D60009A8EBE /* ContentView.swift in Sources */ = {isa = PBXBuildFile; fileRef = CCD4E23425C29D60009A8EBE /* ContentView.swift */; };
		CCD4E23725C29D63009A8EBE /* Assets.xcassets in Resources */ = {isa = PBXBuildFile; fileRef = CCD4E23625C29D63009A8EBE /* Assets.xcassets */; };
		CCD4E23A25C29D63009A8EBE /* Preview Assets.xcassets in Resources */ = {isa = PBXBuildFile; fileRef = CCD4E23925C29D63009A8EBE /* Preview Assets.xcassets */; };
		CCD4E24325C2DB3A009A8EBE /* resorts.json in Resources */ = {isa = PBXBuildFile; fileRef = CCD4E24225C2DB39009A8EBE /* resorts.json */; };
		CCD4E24625C2DBC4009A8EBE /* Resort.swift in Sources */ = {isa = PBXBuildFile; fileRef = CCD4E24525C2DBC4009A8EBE /* Resort.swift */; };
		CCD4E24925C2DD20009A8EBE /* Bundle-Decodable.swift in Sources */ = {isa = PBXBuildFile; fileRef = CCD4E24825C2DD20009A8EBE /* Bundle-Decodable.swift */; };
		CCD4E24C25C2E27C009A8EBE /* WelcomeView.swift in Sources */ = {isa = PBXBuildFile; fileRef = CCD4E24B25C2E27B009A8EBE /* WelcomeView.swift */; };
		CCD4E24F25C3E2F1009A8EBE /* ResortView.swift in Sources */ = {isa = PBXBuildFile; fileRef = CCD4E24E25C3E2F1009A8EBE /* ResortView.swift */; };
		CCD4E25225C3E5E0009A8EBE /* SkiDetailsView.swift in Sources */ = {isa = PBXBuildFile; fileRef = CCD4E25125C3E5E0009A8EBE /* SkiDetailsView.swift */; };
		CCD4E25525C3E69D009A8EBE /* ResortDetailsView.swift in Sources */ = {isa = PBXBuildFile; fileRef = CCD4E25425C3E69D009A8EBE /* ResortDetailsView.swift */; };
		CCD4E25825C3F2A1009A8EBE /* Facility.swift in Sources */ = {isa = PBXBuildFile; fileRef = CCD4E25725C3F2A1009A8EBE /* Facility.swift */; };
		CCD4E25B25C3FBD0009A8EBE /* Favorites.swift in Sources */ = {isa = PBXBuildFile; fileRef = CCD4E25A25C3FBD0009A8EBE /* Favorites.swift */; };
/* End PBXBuildFile section */

/* Begin PBXFileReference section */
		CCD4E22F25C29D60009A8EBE /* SnowSeeker.app */ = {isa = PBXFileReference; explicitFileType = wrapper.application; includeInIndex = 0; path = SnowSeeker.app; sourceTree = BUILT_PRODUCTS_DIR; };
		CCD4E23225C29D60009A8EBE /* SnowSeekerApp.swift */ = {isa = PBXFileReference; lastKnownFileType = sourcecode.swift; path = SnowSeekerApp.swift; sourceTree = "<group>"; };
		CCD4E23425C29D60009A8EBE /* ContentView.swift */ = {isa = PBXFileReference; lastKnownFileType = sourcecode.swift; path = ContentView.swift; sourceTree = "<group>"; };
		CCD4E23625C29D63009A8EBE /* Assets.xcassets */ = {isa = PBXFileReference; lastKnownFileType = folder.assetcatalog; path = Assets.xcassets; sourceTree = "<group>"; };
		CCD4E23925C29D63009A8EBE /* Preview Assets.xcassets */ = {isa = PBXFileReference; lastKnownFileType = folder.assetcatalog; path = "Preview Assets.xcassets"; sourceTree = "<group>"; };
		CCD4E23B25C29D63009A8EBE /* Info.plist */ = {isa = PBXFileReference; lastKnownFileType = text.plist.xml; path = Info.plist; sourceTree = "<group>"; };
		CCD4E24225C2DB39009A8EBE /* resorts.json */ = {isa = PBXFileReference; fileEncoding = 4; lastKnownFileType = text.json; path = resorts.json; sourceTree = "<group>"; };
		CCD4E24525C2DBC4009A8EBE /* Resort.swift */ = {isa = PBXFileReference; lastKnownFileType = sourcecode.swift; path = Resort.swift; sourceTree = "<group>"; };
		CCD4E24825C2DD20009A8EBE /* Bundle-Decodable.swift */ = {isa = PBXFileReference; lastKnownFileType = sourcecode.swift; path = "Bundle-Decodable.swift"; sourceTree = "<group>"; };
		CCD4E24B25C2E27B009A8EBE /* WelcomeView.swift */ = {isa = PBXFileReference; lastKnownFileType = sourcecode.swift; path = WelcomeView.swift; sourceTree = "<group>"; };
		CCD4E24E25C3E2F1009A8EBE /* ResortView.swift */ = {isa = PBXFileReference; lastKnownFileType = sourcecode.swift; path = ResortView.swift; sourceTree = "<group>"; };
		CCD4E25125C3E5E0009A8EBE /* SkiDetailsView.swift */ = {isa = PBXFileReference; lastKnownFileType = sourcecode.swift; path = SkiDetailsView.swift; sourceTree = "<group>"; };
		CCD4E25425C3E69D009A8EBE /* ResortDetailsView.swift */ = {isa = PBXFileReference; lastKnownFileType = sourcecode.swift; path = ResortDetailsView.swift; sourceTree = "<group>"; };
		CCD4E25725C3F2A1009A8EBE /* Facility.swift */ = {isa = PBXFileReference; lastKnownFileType = sourcecode.swift; path = Facility.swift; sourceTree = "<group>"; };
		CCD4E25A25C3FBD0009A8EBE /* Favorites.swift */ = {isa = PBXFileReference; lastKnownFileType = sourcecode.swift; path = Favorites.swift; sourceTree = "<group>"; };
/* End PBXFileReference section */

/* Begin PBXFrameworksBuildPhase section */
		CCD4E22C25C29D60009A8EBE /* Frameworks */ = {
			isa = PBXFrameworksBuildPhase;
			buildActionMask = 2147483647;
			files = (
			);
			runOnlyForDeploymentPostprocessing = 0;
		};
/* End PBXFrameworksBuildPhase section */

/* Begin PBXGroup section */
		CCD4E22625C29D60009A8EBE = {
			isa = PBXGroup;
			children = (
				CCD4E23125C29D60009A8EBE /* SnowSeeker */,
				CCD4E23025C29D60009A8EBE /* Products */,
			);
			sourceTree = "<group>";
		};
		CCD4E23025C29D60009A8EBE /* Products */ = {
			isa = PBXGroup;
			children = (
				CCD4E22F25C29D60009A8EBE /* SnowSeeker.app */,
			);
			name = Products;
			sourceTree = "<group>";
		};
		CCD4E23125C29D60009A8EBE /* SnowSeeker */ = {
			isa = PBXGroup;
			children = (
				CCD4E23225C29D60009A8EBE /* SnowSeekerApp.swift */,
				CCD4E23425C29D60009A8EBE /* ContentView.swift */,
				CCD4E25125C3E5E0009A8EBE /* SkiDetailsView.swift */,
				CCD4E25425C3E69D009A8EBE /* ResortDetailsView.swift */,
				CCD4E25725C3F2A1009A8EBE /* Facility.swift */,
				CCD4E24E25C3E2F1009A8EBE /* ResortView.swift */,
				CCD4E25A25C3FBD0009A8EBE /* Favorites.swift */,
				CCD4E24B25C2E27B009A8EBE /* WelcomeView.swift */,
				CCD4E23625C29D63009A8EBE /* Assets.xcassets */,
				CCD4E24525C2DBC4009A8EBE /* Resort.swift */,
				CCD4E24825C2DD20009A8EBE /* Bundle-Decodable.swift */,
				CCD4E23B25C29D63009A8EBE /* Info.plist */,
				CCD4E24225C2DB39009A8EBE /* resorts.json */,
				CCD4E23825C29D63009A8EBE /* Preview Content */,
			);
			path = SnowSeeker;
			sourceTree = "<group>";
		};
		CCD4E23825C29D63009A8EBE /* Preview Content */ = {
			isa = PBXGroup;
			children = (
				CCD4E23925C29D63009A8EBE /* Preview Assets.xcassets */,
			);
			path = "Preview Content";
			sourceTree = "<group>";
		};
/* End PBXGroup section */

/* Begin PBXNativeTarget section */
		CCD4E22E25C29D60009A8EBE /* SnowSeeker */ = {
			isa = PBXNativeTarget;
			buildConfigurationList = CCD4E23E25C29D63009A8EBE /* Build configuration list for PBXNativeTarget "SnowSeeker" */;
			buildPhases = (
				CCD4E22B25C29D60009A8EBE /* Sources */,
				CCD4E22C25C29D60009A8EBE /* Frameworks */,
				CCD4E22D25C29D60009A8EBE /* Resources */,
			);
			buildRules = (
			);
			dependencies = (
			);
			name = SnowSeeker;
			productName = SnowSeeker;
			productReference = CCD4E22F25C29D60009A8EBE /* SnowSeeker.app */;
			productType = "com.apple.product-type.application";
		};
/* End PBXNativeTarget section */

/* Begin PBXProject section */
		CCD4E22725C29D60009A8EBE /* Project object */ = {
			isa = PBXProject;
			attributes = {
				LastSwiftUpdateCheck = 1230;
				LastUpgradeCheck = 1230;
				TargetAttributes = {
					CCD4E22E25C29D60009A8EBE = {
						CreatedOnToolsVersion = 12.3;
					};
				};
			};
			buildConfigurationList = CCD4E22A25C29D60009A8EBE /* Build configuration list for PBXProject "SnowSeeker" */;
			compatibilityVersion = "Xcode 9.3";
			developmentRegion = en;
			hasScannedForEncodings = 0;
			knownRegions = (
				en,
				Base,
			);
			mainGroup = CCD4E22625C29D60009A8EBE;
			productRefGroup = CCD4E23025C29D60009A8EBE /* Products */;
			projectDirPath = "";
			projectRoot = "";
			targets = (
				CCD4E22E25C29D60009A8EBE /* SnowSeeker */,
			);
		};
/* End PBXProject section */

/* Begin PBXResourcesBuildPhase section */
		CCD4E22D25C29D60009A8EBE /* Resources */ = {
			isa = PBXResourcesBuildPhase;
			buildActionMask = 2147483647;
			files = (
				CCD4E24325C2DB3A009A8EBE /* resorts.json in Resources */,
				CCD4E23A25C29D63009A8EBE /* Preview Assets.xcassets in Resources */,
				CCD4E23725C29D63009A8EBE /* Assets.xcassets in Resources */,
			);
			runOnlyForDeploymentPostprocessing = 0;
		};
/* End PBXResourcesBuildPhase section */

/* Begin PBXSourcesBuildPhase section */
		CCD4E22B25C29D60009A8EBE /* Sources */ = {
			isa = PBXSourcesBuildPhase;
			buildActionMask = 2147483647;
			files = (
				CCD4E24C25C2E27C009A8EBE /* WelcomeView.swift in Sources */,
				CCD4E25225C3E5E0009A8EBE /* SkiDetailsView.swift in Sources */,
				CCD4E25525C3E69D009A8EBE /* ResortDetailsView.swift in Sources */,
				CCD4E25B25C3FBD0009A8EBE /* Favorites.swift in Sources */,
				CCD4E25825C3F2A1009A8EBE /* Facility.swift in Sources */,
				CCD4E23525C29D60009A8EBE /* ContentView.swift in Sources */,
				CCD4E24625C2DBC4009A8EBE /* Resort.swift in Sources */,
				CCD4E24F25C3E2F1009A8EBE /* ResortView.swift in Sources */,
				CCD4E23325C29D60009A8EBE /* SnowSeekerApp.swift in Sources */,
				CCD4E24925C2DD20009A8EBE /* Bundle-Decodable.swift in Sources */,
			);
			runOnlyForDeploymentPostprocessing = 0;
		};
/* End PBXSourcesBuildPhase section */

/* Begin XCBuildConfiguration section */
		CCD4E23C25C29D63009A8EBE /* Debug */ = {
			isa = XCBuildConfiguration;
			buildSettings = {
				ALWAYS_SEARCH_USER_PATHS = NO;
				CLANG_ANALYZER_NONNULL = YES;
				CLANG_ANALYZER_NUMBER_OBJECT_CONVERSION = YES_AGGRESSIVE;
				CLANG_CXX_LANGUAGE_STANDARD = "gnu++14";
				CLANG_CXX_LIBRARY = "libc++";
				CLANG_ENABLE_MODULES = YES;
				CLANG_ENABLE_OBJC_ARC = YES;
				CLANG_ENABLE_OBJC_WEAK = YES;
				CLANG_WARN_BLOCK_CAPTURE_AUTORELEASING = YES;
				CLANG_WARN_BOOL_CONVERSION = YES;
				CLANG_WARN_COMMA = YES;
				CLANG_WARN_CONSTANT_CONVERSION = YES;
				CLANG_WARN_DEPRECATED_OBJC_IMPLEMENTATIONS = YES;
				CLANG_WARN_DIRECT_OBJC_ISA_USAGE = YES_ERROR;
				CLANG_WARN_DOCUMENTATION_COMMENTS = YES;
				CLANG_WARN_EMPTY_BODY = YES;
				CLANG_WARN_ENUM_CONVERSION = YES;
				CLANG_WARN_INFINITE_RECURSION = YES;
				CLANG_WARN_INT_CONVERSION = YES;
				CLANG_WARN_NON_LITERAL_NULL_CONVERSION = YES;
				CLANG_WARN_OBJC_IMPLICIT_RETAIN_SELF = YES;
				CLANG_WARN_OBJC_LITERAL_CONVERSION = YES;
				CLANG_WARN_OBJC_ROOT_CLASS = YES_ERROR;
				CLANG_WARN_QUOTED_INCLUDE_IN_FRAMEWORK_HEADER = YES;
				CLANG_WARN_RANGE_LOOP_ANALYSIS = YES;
				CLANG_WARN_STRICT_PROTOTYPES = YES;
				CLANG_WARN_SUSPICIOUS_MOVE = YES;
				CLANG_WARN_UNGUARDED_AVAILABILITY = YES_AGGRESSIVE;
				CLANG_WARN_UNREACHABLE_CODE = YES;
				CLANG_WARN__DUPLICATE_METHOD_MATCH = YES;
				COPY_PHASE_STRIP = NO;
				DEBUG_INFORMATION_FORMAT = dwarf;
				ENABLE_STRICT_OBJC_MSGSEND = YES;
				ENABLE_TESTABILITY = YES;
				GCC_C_LANGUAGE_STANDARD = gnu11;
				GCC_DYNAMIC_NO_PIC = NO;
				GCC_NO_COMMON_BLOCKS = YES;
				GCC_OPTIMIZATION_LEVEL = 0;
				GCC_PREPROCESSOR_DEFINITIONS = (
					"DEBUG=1",
					"$(inherited)",
				);
				GCC_WARN_64_TO_32_BIT_CONVERSION = YES;
				GCC_WARN_ABOUT_RETURN_TYPE = YES_ERROR;
				GCC_WARN_UNDECLARED_SELECTOR = YES;
				GCC_WARN_UNINITIALIZED_AUTOS = YES_AGGRESSIVE;
				GCC_WARN_UNUSED_FUNCTION = YES;
				GCC_WARN_UNUSED_VARIABLE = YES;
				IPHONEOS_DEPLOYMENT_TARGET = 14.3;
				MTL_ENABLE_DEBUG_INFO = INCLUDE_SOURCE;
				MTL_FAST_MATH = YES;
				ONLY_ACTIVE_ARCH = YES;
				SDKROOT = iphoneos;
				SWIFT_ACTIVE_COMPILATION_CONDITIONS = DEBUG;
				SWIFT_OPTIMIZATION_LEVEL = "-Onone";
			};
			name = Debug;
		};
		CCD4E23D25C29D63009A8EBE /* Release */ = {
			isa = XCBuildConfiguration;
			buildSettings = {
				ALWAYS_SEARCH_USER_PATHS = NO;
				CLANG_ANALYZER_NONNULL = YES;
				CLANG_ANALYZER_NUMBER_OBJECT_CONVERSION = YES_AGGRESSIVE;
				CLANG_CXX_LANGUAGE_STANDARD = "gnu++14";
				CLANG_CXX_LIBRARY = "libc++";
				CLANG_ENABLE_MODULES = YES;
				CLANG_ENABLE_OBJC_ARC = YES;
				CLANG_ENABLE_OBJC_WEAK = YES;
				CLANG_WARN_BLOCK_CAPTURE_AUTORELEASING = YES;
				CLANG_WARN_BOOL_CONVERSION = YES;
				CLANG_WARN_COMMA = YES;
				CLANG_WARN_CONSTANT_CONVERSION = YES;
				CLANG_WARN_DEPRECATED_OBJC_IMPLEMENTATIONS = YES;
				CLANG_WARN_DIRECT_OBJC_ISA_USAGE = YES_ERROR;
				CLANG_WARN_DOCUMENTATION_COMMENTS = YES;
				CLANG_WARN_EMPTY_BODY = YES;
				CLANG_WARN_ENUM_CONVERSION = YES;
				CLANG_WARN_INFINITE_RECURSION = YES;
				CLANG_WARN_INT_CONVERSION = YES;
				CLANG_WARN_NON_LITERAL_NULL_CONVERSION = YES;
				CLANG_WARN_OBJC_IMPLICIT_RETAIN_SELF = YES;
				CLANG_WARN_OBJC_LITERAL_CONVERSION = YES;
				CLANG_WARN_OBJC_ROOT_CLASS = YES_ERROR;
				CLANG_WARN_QUOTED_INCLUDE_IN_FRAMEWORK_HEADER = YES;
				CLANG_WARN_RANGE_LOOP_ANALYSIS = YES;
				CLANG_WARN_STRICT_PROTOTYPES = YES;
				CLANG_WARN_SUSPICIOUS_MOVE = YES;
				CLANG_WARN_UNGUARDED_AVAILABILITY = YES_AGGRESSIVE;
				CLANG_WARN_UNREACHABLE_CODE = YES;
				CLANG_WARN__DUPLICATE_METHOD_MATCH = YES;
				COPY_PHASE_STRIP = NO;
				DEBUG_INFORMATION_FORMAT = "dwarf-with-dsym";
				ENABLE_NS_ASSERTIONS = NO;
				ENABLE_STRICT_OBJC_MSGSEND = YES;
				GCC_C_LANGUAGE_STANDARD = gnu11;
				GCC_NO_COMMON_BLOCKS = YES;
				GCC_WARN_64_TO_32_BIT_CONVERSION = YES;
				GCC_WARN_ABOUT_RETURN_TYPE = YES_ERROR;
				GCC_WARN_UNDECLARED_SELECTOR = YES;
				GCC_WARN_UNINITIALIZED_AUTOS = YES_AGGRESSIVE;
				GCC_WARN_UNUSED_FUNCTION = YES;
				GCC_WARN_UNUSED_VARIABLE = YES;
				IPHONEOS_DEPLOYMENT_TARGET = 14.3;
				MTL_ENABLE_DEBUG_INFO = NO;
				MTL_FAST_MATH = YES;
				SDKROOT = iphoneos;
				SWIFT_COMPILATION_MODE = wholemodule;
				SWIFT_OPTIMIZATION_LEVEL = "-O";
				VALIDATE_PRODUCT = YES;
			};
			name = Release;
		};
		CCD4E23F25C29D63009A8EBE /* Debug */ = {
			isa = XCBuildConfiguration;
			buildSettings = {
				ASSETCATALOG_COMPILER_APPICON_NAME = AppIcon;
				ASSETCATALOG_COMPILER_GLOBAL_ACCENT_COLOR_NAME = AccentColor;
				CODE_SIGN_STYLE = Automatic;
				DEVELOPMENT_ASSET_PATHS = "\"SnowSeeker/Preview Content\"";
				DEVELOPMENT_TEAM = 9UUKQ7GQJV;
				ENABLE_PREVIEWS = YES;
				INFOPLIST_FILE = SnowSeeker/Info.plist;
				IPHONEOS_DEPLOYMENT_TARGET = 14.0;
				LD_RUNPATH_SEARCH_PATHS = (
					"$(inherited)",
					"@executable_path/Frameworks",
				);
				PRODUCT_BUNDLE_IDENTIFIER = com.sharvil.SnowSeeker;
				PRODUCT_NAME = "$(TARGET_NAME)";
				SWIFT_VERSION = 5.0;
				TARGETED_DEVICE_FAMILY = "1,2";
			};
			name = Debug;
		};
		CCD4E24025C29D63009A8EBE /* Release */ = {
			isa = XCBuildConfiguration;
			buildSettings = {
				ASSETCATALOG_COMPILER_APPICON_NAME = AppIcon;
				ASSETCATALOG_COMPILER_GLOBAL_ACCENT_COLOR_NAME = AccentColor;
				CODE_SIGN_STYLE = Automatic;
				DEVELOPMENT_ASSET_PATHS = "\"SnowSeeker/Preview Content\"";
				DEVELOPMENT_TEAM = 9UUKQ7GQJV;
				ENABLE_PREVIEWS = YES;
				INFOPLIST_FILE = SnowSeeker/Info.plist;
				IPHONEOS_DEPLOYMENT_TARGET = 14.0;
				LD_RUNPATH_SEARCH_PATHS = (
					"$(inherited)",
					"@executable_path/Frameworks",
				);
				PRODUCT_BUNDLE_IDENTIFIER = com.sharvil.SnowSeeker;
				PRODUCT_NAME = "$(TARGET_NAME)";
				SWIFT_VERSION = 5.0;
				TARGETED_DEVICE_FAMILY = "1,2";
			};
			name = Release;
		};
/* End XCBuildConfiguration section */

/* Begin XCConfigurationList section */
		CCD4E22A25C29D60009A8EBE /* Build configuration list for PBXProject "SnowSeeker" */ = {
			isa = XCConfigurationList;
			buildConfigurations = (
				CCD4E23C25C29D63009A8EBE /* Debug */,
				CCD4E23D25C29D63009A8EBE /* Release */,
			);
			defaultConfigurationIsVisible = 0;
			defaultConfigurationName = Release;
		};
		CCD4E23E25C29D63009A8EBE /* Build configuration list for PBXNativeTarget "SnowSeeker" */ = {
			isa = XCConfigurationList;
			buildConfigurations = (
				CCD4E23F25C29D63009A8EBE /* Debug */,
				CCD4E24025C29D63009A8EBE /* Release */,
			);
			defaultConfigurationIsVisible = 0;
			defaultConfigurationName = Release;
		};
/* End XCConfigurationList section */
	};
	rootObject = CCD4E22725C29D60009A8EBE /* Project object */;
}
