// !$*UTF8*$!
{
	archiveVersion = 1;
	classes = {
	};
	objectVersion = 52;
	objects = {

/* Begin PBXBuildFile section */
		CCD4E1C925B9B6AE009A8EBE /* HotProspectsApp.swift in Sources */ = {isa = PBXBuildFile; fileRef = CCD4E1C825B9B6AE009A8EBE /* HotProspectsApp.swift */; };
		CCD4E1CB25B9B6AE009A8EBE /* ContentView.swift in Sources */ = {isa = PBXBuildFile; fileRef = CCD4E1CA25B9B6AE009A8EBE /* ContentView.swift */; };
		CCD4E1CD25B9B6B2009A8EBE /* Assets.xcassets in Resources */ = {isa = PBXBuildFile; fileRef = CCD4E1CC25B9B6B2009A8EBE /* Assets.xcassets */; };
		CCD4E1D025B9B6B2009A8EBE /* Preview Assets.xcassets in Resources */ = {isa = PBXBuildFile; fileRef = CCD4E1CF25B9B6B2009A8EBE /* Preview Assets.xcassets */; };
		CCD4E1D925BAAA01009A8EBE /* ProspectsView.swift in Sources */ = {isa = PBXBuildFile; fileRef = CCD4E1D825BAAA00009A8EBE /* ProspectsView.swift */; };
		CCD4E1DC25BAAA18009A8EBE /* MeView.swift in Sources */ = {isa = PBXBuildFile; fileRef = CCD4E1DB25BAAA18009A8EBE /* MeView.swift */; };
		CCD4E1DF25BAADBE009A8EBE /* Prospect.swift in Sources */ = {isa = PBXBuildFile; fileRef = CCD4E1DE25BAADBE009A8EBE /* Prospect.swift */; };
		CCD4E1E325BAB9FF009A8EBE /* CodeScanner in Frameworks */ = {isa = PBXBuildFile; productRef = CCD4E1E225BAB9FF009A8EBE /* CodeScanner */; };
/* End PBXBuildFile section */

/* Begin PBXFileReference section */
		CCD4E1C525B9B6AE009A8EBE /* HotProspects.app */ = {isa = PBXFileReference; explicitFileType = wrapper.application; includeInIndex = 0; path = HotProspects.app; sourceTree = BUILT_PRODUCTS_DIR; };
		CCD4E1C825B9B6AE009A8EBE /* HotProspectsApp.swift */ = {isa = PBXFileReference; lastKnownFileType = sourcecode.swift; path = HotProspectsApp.swift; sourceTree = "<group>"; };
		CCD4E1CA25B9B6AE009A8EBE /* ContentView.swift */ = {isa = PBXFileReference; lastKnownFileType = sourcecode.swift; path = ContentView.swift; sourceTree = "<group>"; };
		CCD4E1CC25B9B6B2009A8EBE /* Assets.xcassets */ = {isa = PBXFileReference; lastKnownFileType = folder.assetcatalog; path = Assets.xcassets; sourceTree = "<group>"; };
		CCD4E1CF25B9B6B2009A8EBE /* Preview Assets.xcassets */ = {isa = PBXFileReference; lastKnownFileType = folder.assetcatalog; path = "Preview Assets.xcassets"; sourceTree = "<group>"; };
		CCD4E1D125B9B6B2009A8EBE /* Info.plist */ = {isa = PBXFileReference; lastKnownFileType = text.plist.xml; path = Info.plist; sourceTree = "<group>"; };
		CCD4E1D825BAAA00009A8EBE /* ProspectsView.swift */ = {isa = PBXFileReference; lastKnownFileType = sourcecode.swift; path = ProspectsView.swift; sourceTree = "<group>"; };
		CCD4E1DB25BAAA18009A8EBE /* MeView.swift */ = {isa = PBXFileReference; lastKnownFileType = sourcecode.swift; path = MeView.swift; sourceTree = "<group>"; };
		CCD4E1DE25BAADBE009A8EBE /* Prospect.swift */ = {isa = PBXFileReference; lastKnownFileType = sourcecode.swift; path = Prospect.swift; sourceTree = "<group>"; };
/* End PBXFileReference section */

/* Begin PBXFrameworksBuildPhase section */
		CCD4E1C225B9B6AE009A8EBE /* Frameworks */ = {
			isa = PBXFrameworksBuildPhase;
			buildActionMask = 2147483647;
			files = (
				CCD4E1E325BAB9FF009A8EBE /* CodeScanner in Frameworks */,
			);
			runOnlyForDeploymentPostprocessing = 0;
		};
/* End PBXFrameworksBuildPhase section */

/* Begin PBXGroup section */
		CCD4E1BC25B9B6AD009A8EBE = {
			isa = PBXGroup;
			children = (
				CCD4E1C725B9B6AE009A8EBE /* HotProspects */,
				CCD4E1C625B9B6AE009A8EBE /* Products */,
			);
			sourceTree = "<group>";
		};
		CCD4E1C625B9B6AE009A8EBE /* Products */ = {
			isa = PBXGroup;
			children = (
				CCD4E1C525B9B6AE009A8EBE /* HotProspects.app */,
			);
			name = Products;
			sourceTree = "<group>";
		};
		CCD4E1C725B9B6AE009A8EBE /* HotProspects */ = {
			isa = PBXGroup;
			children = (
				CCD4E1C825B9B6AE009A8EBE /* HotProspectsApp.swift */,
				CCD4E1CA25B9B6AE009A8EBE /* ContentView.swift */,
				CCD4E1DE25BAADBE009A8EBE /* Prospect.swift */,
				CCD4E1D825BAAA00009A8EBE /* ProspectsView.swift */,
				CCD4E1DB25BAAA18009A8EBE /* MeView.swift */,
				CCD4E1CC25B9B6B2009A8EBE /* Assets.xcassets */,
				CCD4E1D125B9B6B2009A8EBE /* Info.plist */,
				CCD4E1CE25B9B6B2009A8EBE /* Preview Content */,
			);
			path = HotProspects;
			sourceTree = "<group>";
		};
		CCD4E1CE25B9B6B2009A8EBE /* Preview Content */ = {
			isa = PBXGroup;
			children = (
				CCD4E1CF25B9B6B2009A8EBE /* Preview Assets.xcassets */,
			);
			path = "Preview Content";
			sourceTree = "<group>";
		};
/* End PBXGroup section */

/* Begin PBXNativeTarget section */
		CCD4E1C425B9B6AE009A8EBE /* HotProspects */ = {
			isa = PBXNativeTarget;
			buildConfigurationList = CCD4E1D425B9B6B2009A8EBE /* Build configuration list for PBXNativeTarget "HotProspects" */;
			buildPhases = (
				CCD4E1C125B9B6AE009A8EBE /* Sources */,
				CCD4E1C225B9B6AE009A8EBE /* Frameworks */,
				CCD4E1C325B9B6AE009A8EBE /* Resources */,
			);
			buildRules = (
			);
			dependencies = (
			);
			name = HotProspects;
			packageProductDependencies = (
				CCD4E1E225BAB9FF009A8EBE /* CodeScanner */,
			);
			productName = HotProspects;
			productReference = CCD4E1C525B9B6AE009A8EBE /* HotProspects.app */;
			productType = "com.apple.product-type.application";
		};
/* End PBXNativeTarget section */

/* Begin PBXProject section */
		CCD4E1BD25B9B6AD009A8EBE /* Project object */ = {
			isa = PBXProject;
			attributes = {
				LastSwiftUpdateCheck = 1230;
				LastUpgradeCheck = 1230;
				TargetAttributes = {
					CCD4E1C425B9B6AE009A8EBE = {
						CreatedOnToolsVersion = 12.3;
					};
				};
			};
			buildConfigurationList = CCD4E1C025B9B6AD009A8EBE /* Build configuration list for PBXProject "HotProspects" */;
			compatibilityVersion = "Xcode 9.3";
			developmentRegion = en;
			hasScannedForEncodings = 0;
			knownRegions = (
				en,
				Base,
			);
			mainGroup = CCD4E1BC25B9B6AD009A8EBE;
			packageReferences = (
				CCD4E1E125BAB9FF009A8EBE /* XCRemoteSwiftPackageReference "CodeScanner" */,
			);
			productRefGroup = CCD4E1C625B9B6AE009A8EBE /* Products */;
			projectDirPath = "";
			projectRoot = "";
			targets = (
				CCD4E1C425B9B6AE009A8EBE /* HotProspects */,
			);
		};
/* End PBXProject section */

/* Begin PBXResourcesBuildPhase section */
		CCD4E1C325B9B6AE009A8EBE /* Resources */ = {
			isa = PBXResourcesBuildPhase;
			buildActionMask = 2147483647;
			files = (
				CCD4E1D025B9B6B2009A8EBE /* Preview Assets.xcassets in Resources */,
				CCD4E1CD25B9B6B2009A8EBE /* Assets.xcassets in Resources */,
			);
			runOnlyForDeploymentPostprocessing = 0;
		};
/* End PBXResourcesBuildPhase section */

/* Begin PBXSourcesBuildPhase section */
		CCD4E1C125B9B6AE009A8EBE /* Sources */ = {
			isa = PBXSourcesBuildPhase;
			buildActionMask = 2147483647;
			files = (
				CCD4E1DC25BAAA18009A8EBE /* MeView.swift in Sources */,
				CCD4E1DF25BAADBE009A8EBE /* Prospect.swift in Sources */,
				CCD4E1D925BAAA01009A8EBE /* ProspectsView.swift in Sources */,
				CCD4E1CB25B9B6AE009A8EBE /* ContentView.swift in Sources */,
				CCD4E1C925B9B6AE009A8EBE /* HotProspectsApp.swift in Sources */,
			);
			runOnlyForDeploymentPostprocessing = 0;
		};
/* End PBXSourcesBuildPhase section */

/* Begin XCBuildConfiguration section */
		CCD4E1D225B9B6B2009A8EBE /* Debug */ = {
			isa = XCBuildConfiguration;
			buildSettings = {
				ALWAYS_SEARCH_USER_PATHS = NO;
				CLANG_ANALYZER_NONNULL = YES;
				CLANG_ANALYZER_NUMBER_OBJECT_CONVERSION = YES_AGGRESSIVE;
				CLANG_CXX_LANGUAGE_STANDARD = "gnu++14";
				CLANG_CXX_LIBRARY = "libc++";
				CLANG_ENABLE_MODULES = YES;
				CLANG_ENABLE_OBJC_ARC = YES;
				CLANG_ENABLE_OBJC_WEAK = YES;
				CLANG_WARN_BLOCK_CAPTURE_AUTORELEASING = YES;
				CLANG_WARN_BOOL_CONVERSION = YES;
				CLANG_WARN_COMMA = YES;
				CLANG_WARN_CONSTANT_CONVERSION = YES;
				CLANG_WARN_DEPRECATED_OBJC_IMPLEMENTATIONS = YES;
				CLANG_WARN_DIRECT_OBJC_ISA_USAGE = YES_ERROR;
				CLANG_WARN_DOCUMENTATION_COMMENTS = YES;
				CLANG_WARN_EMPTY_BODY = YES;
				CLANG_WARN_ENUM_CONVERSION = YES;
				CLANG_WARN_INFINITE_RECURSION = YES;
				CLANG_WARN_INT_CONVERSION = YES;
				CLANG_WARN_NON_LITERAL_NULL_CONVERSION = YES;
				CLANG_WARN_OBJC_IMPLICIT_RETAIN_SELF = YES;
				CLANG_WARN_OBJC_LITERAL_CONVERSION = YES;
				CLANG_WARN_OBJC_ROOT_CLASS = YES_ERROR;
				CLANG_WARN_QUOTED_INCLUDE_IN_FRAMEWORK_HEADER = YES;
				CLANG_WARN_RANGE_LOOP_ANALYSIS = YES;
				CLANG_WARN_STRICT_PROTOTYPES = YES;
				CLANG_WARN_SUSPICIOUS_MOVE = YES;
				CLANG_WARN_UNGUARDED_AVAILABILITY = YES_AGGRESSIVE;
				CLANG_WARN_UNREACHABLE_CODE = YES;
				CLANG_WARN__DUPLICATE_METHOD_MATCH = YES;
				COPY_PHASE_STRIP = NO;
				DEBUG_INFORMATION_FORMAT = dwarf;
				ENABLE_STRICT_OBJC_MSGSEND = YES;
				ENABLE_TESTABILITY = YES;
				GCC_C_LANGUAGE_STANDARD = gnu11;
				GCC_DYNAMIC_NO_PIC = NO;
				GCC_NO_COMMON_BLOCKS = YES;
				GCC_OPTIMIZATION_LEVEL = 0;
				GCC_PREPROCESSOR_DEFINITIONS = (
					"DEBUG=1",
					"$(inherited)",
				);
				GCC_WARN_64_TO_32_BIT_CONVERSION = YES;
				GCC_WARN_ABOUT_RETURN_TYPE = YES_ERROR;
				GCC_WARN_UNDECLARED_SELECTOR = YES;
				GCC_WARN_UNINITIALIZED_AUTOS = YES_AGGRESSIVE;
				GCC_WARN_UNUSED_FUNCTION = YES;
				GCC_WARN_UNUSED_VARIABLE = YES;
				IPHONEOS_DEPLOYMENT_TARGET = 14.3;
				MTL_ENABLE_DEBUG_INFO = INCLUDE_SOURCE;
				MTL_FAST_MATH = YES;
				ONLY_ACTIVE_ARCH = YES;
				SDKROOT = iphoneos;
				SWIFT_ACTIVE_COMPILATION_CONDITIONS = DEBUG;
				SWIFT_OPTIMIZATION_LEVEL = "-Onone";
			};
			name = Debug;
		};
		CCD4E1D325B9B6B2009A8EBE /* Release */ = {
			isa = XCBuildConfiguration;
			buildSettings = {
				ALWAYS_SEARCH_USER_PATHS = NO;
				CLANG_ANALYZER_NONNULL = YES;
				CLANG_ANALYZER_NUMBER_OBJECT_CONVERSION = YES_AGGRESSIVE;
				CLANG_CXX_LANGUAGE_STANDARD = "gnu++14";
				CLANG_CXX_LIBRARY = "libc++";
				CLANG_ENABLE_MODULES = YES;
				CLANG_ENABLE_OBJC_ARC = YES;
				CLANG_ENABLE_OBJC_WEAK = YES;
				CLANG_WARN_BLOCK_CAPTURE_AUTORELEASING = YES;
				CLANG_WARN_BOOL_CONVERSION = YES;
				CLANG_WARN_COMMA = YES;
				CLANG_WARN_CONSTANT_CONVERSION = YES;
				CLANG_WARN_DEPRECATED_OBJC_IMPLEMENTATIONS = YES;
				CLANG_WARN_DIRECT_OBJC_ISA_USAGE = YES_ERROR;
				CLANG_WARN_DOCUMENTATION_COMMENTS = YES;
				CLANG_WARN_EMPTY_BODY = YES;
				CLANG_WARN_ENUM_CONVERSION = YES;
				CLANG_WARN_INFINITE_RECURSION = YES;
				CLANG_WARN_INT_CONVERSION = YES;
				CLANG_WARN_NON_LITERAL_NULL_CONVERSION = YES;
				CLANG_WARN_OBJC_IMPLICIT_RETAIN_SELF = YES;
				CLANG_WARN_OBJC_LITERAL_CONVERSION = YES;
				CLANG_WARN_OBJC_ROOT_CLASS = YES_ERROR;
				CLANG_WARN_QUOTED_INCLUDE_IN_FRAMEWORK_HEADER = YES;
				CLANG_WARN_RANGE_LOOP_ANALYSIS = YES;
				CLANG_WARN_STRICT_PROTOTYPES = YES;
				CLANG_WARN_SUSPICIOUS_MOVE = YES;
				CLANG_WARN_UNGUARDED_AVAILABILITY = YES_AGGRESSIVE;
				CLANG_WARN_UNREACHABLE_CODE = YES;
				CLANG_WARN__DUPLICATE_METHOD_MATCH = YES;
				COPY_PHASE_STRIP = NO;
				DEBUG_INFORMATION_FORMAT = "dwarf-with-dsym";
				ENABLE_NS_ASSERTIONS = NO;
				ENABLE_STRICT_OBJC_MSGSEND = YES;
				GCC_C_LANGUAGE_STANDARD = gnu11;
				GCC_NO_COMMON_BLOCKS = YES;
				GCC_WARN_64_TO_32_BIT_CONVERSION = YES;
				GCC_WARN_ABOUT_RETURN_TYPE = YES_ERROR;
				GCC_WARN_UNDECLARED_SELECTOR = YES;
				GCC_WARN_UNINITIALIZED_AUTOS = YES_AGGRESSIVE;
				GCC_WARN_UNUSED_FUNCTION = YES;
				GCC_WARN_UNUSED_VARIABLE = YES;
				IPHONEOS_DEPLOYMENT_TARGET = 14.3;
				MTL_ENABLE_DEBUG_INFO = NO;
				MTL_FAST_MATH = YES;
				SDKROOT = iphoneos;
				SWIFT_COMPILATION_MODE = wholemodule;
				SWIFT_OPTIMIZATION_LEVEL = "-O";
				VALIDATE_PRODUCT = YES;
			};
			name = Release;
		};
		CCD4E1D525B9B6B2009A8EBE /* Debug */ = {
			isa = XCBuildConfiguration;
			buildSettings = {
				ASSETCATALOG_COMPILER_APPICON_NAME = AppIcon;
				ASSETCATALOG_COMPILER_GLOBAL_ACCENT_COLOR_NAME = AccentColor;
				CODE_SIGN_STYLE = Automatic;
				DEVELOPMENT_ASSET_PATHS = "\"HotProspects/Preview Content\"";
				DEVELOPMENT_TEAM = 9UUKQ7GQJV;
				ENABLE_PREVIEWS = YES;
				INFOPLIST_FILE = HotProspects/Info.plist;
				IPHONEOS_DEPLOYMENT_TARGET = 14.0;
				LD_RUNPATH_SEARCH_PATHS = (
					"$(inherited)",
					"@executable_path/Frameworks",
				);
				PRODUCT_BUNDLE_IDENTIFIER = com.sharvil.HotProspects;
				PRODUCT_NAME = "$(TARGET_NAME)";
				SWIFT_VERSION = 5.0;
				TARGETED_DEVICE_FAMILY = "1,2";
			};
			name = Debug;
		};
		CCD4E1D625B9B6B2009A8EBE /* Release */ = {
			isa = XCBuildConfiguration;
			buildSettings = {
				ASSETCATALOG_COMPILER_APPICON_NAME = AppIcon;
				ASSETCATALOG_COMPILER_GLOBAL_ACCENT_COLOR_NAME = AccentColor;
				CODE_SIGN_STYLE = Automatic;
				DEVELOPMENT_ASSET_PATHS = "\"HotProspects/Preview Content\"";
				DEVELOPMENT_TEAM = 9UUKQ7GQJV;
				ENABLE_PREVIEWS = YES;
				INFOPLIST_FILE = HotProspects/Info.plist;
				IPHONEOS_DEPLOYMENT_TARGET = 14.0;
				LD_RUNPATH_SEARCH_PATHS = (
					"$(inherited)",
					"@executable_path/Frameworks",
				);
				PRODUCT_BUNDLE_IDENTIFIER = com.sharvil.HotProspects;
				PRODUCT_NAME = "$(TARGET_NAME)";
				SWIFT_VERSION = 5.0;
				TARGETED_DEVICE_FAMILY = "1,2";
			};
			name = Release;
		};
/* End XCBuildConfiguration section */

/* Begin XCConfigurationList section */
		CCD4E1C025B9B6AD009A8EBE /* Build configuration list for PBXProject "HotProspects" */ = {
			isa = XCConfigurationList;
			buildConfigurations = (
				CCD4E1D225B9B6B2009A8EBE /* Debug */,
				CCD4E1D325B9B6B2009A8EBE /* Release */,
			);
			defaultConfigurationIsVisible = 0;
			defaultConfigurationName = Release;
		};
		CCD4E1D425B9B6B2009A8EBE /* Build configuration list for PBXNativeTarget "HotProspects" */ = {
			isa = XCConfigurationList;
			buildConfigurations = (
				CCD4E1D525B9B6B2009A8EBE /* Debug */,
				CCD4E1D625B9B6B2009A8EBE /* Release */,
			);
			defaultConfigurationIsVisible = 0;
			defaultConfigurationName = Release;
		};
/* End XCConfigurationList section */

/* Begin XCRemoteSwiftPackageReference section */
		CCD4E1E125BAB9FF009A8EBE /* XCRemoteSwiftPackageReference "CodeScanner" */ = {
			isa = XCRemoteSwiftPackageReference;
			repositoryURL = "https://github.com/twostraws/CodeScanner";
			requirement = {
				kind = upToNextMajorVersion;
				minimumVersion = 1.0.7;
			};
		};
/* End XCRemoteSwiftPackageReference section */

/* Begin XCSwiftPackageProductDependency section */
		CCD4E1E225BAB9FF009A8EBE /* CodeScanner */ = {
			isa = XCSwiftPackageProductDependency;
			package = CCD4E1E125BAB9FF009A8EBE /* XCRemoteSwiftPackageReference "CodeScanner" */;
			productName = CodeScanner;
		};
/* End XCSwiftPackageProductDependency section */
	};
	rootObject = CCD4E1BD25B9B6AD009A8EBE /* Project object */;
}
